<?xml version="1.0" encoding="utf-8"?>
<Project ToolsVersion="4.0" xmlns="http://schemas.microsoft.com/developer/msbuild/2003">
  <ItemGroup>
    <Filter Include="Source Files">
      <UniqueIdentifier>{4FC737F1-C7A5-4376-A066-2A32D752A2FF}</UniqueIdentifier>
      <Extensions>cpp;c;cc;cxx;def;odl;idl;hpj;bat;asm;asmx</Extensions>
    </Filter>
    <Filter Include="Header Files">
      <UniqueIdentifier>{93995380-89BD-4b04-88EB-625FBE52EBFB}</UniqueIdentifier>
      <Extensions>h;hh;hpp;hxx;hm;inl;inc;xsd</Extensions>
    </Filter>
    <Filter Include="Resource Files">
      <UniqueIdentifier>{67DA6AB6-F800-4c08-8B7A-83BB121AAD01}</UniqueIdentifier>
      <Extensions>rc;ico;cur;bmp;dlg;rc2;rct;bin;rgs;gif;jpg;jpeg;jpe;resx;tiff;tif;png;wav;mfcribbon-ms</Extensions>
    </Filter>
    <Filter Include="Source Files\components">
      <UniqueIdentifier>{5d08fe36-e2d8-41ed-8525-624f56472b11}</UniqueIdentifier>
    </Filter>
    <Filter Include="Header Files\Components">
      <UniqueIdentifier>{42d428d5-e5f6-4140-8490-b97ea2b7096a}</UniqueIdentifier>
    </Filter>
    <Filter Include="Source Files\Graphics">
      <UniqueIdentifier>{24801ed2-10ec-4f3b-8cb6-1e83efe6c4ac}</UniqueIdentifier>
    </Filter>
    <Filter Include="Header Files\Graphics">
      <UniqueIdentifier>{1cee9d08-d10f-4604-8b53-f67d3e2295c5}</UniqueIdentifier>
    </Filter>
    <Filter Include="Resource Files\Entity Shaders">
      <UniqueIdentifier>{9a91aaa3-584f-41e8-8e85-3dde1ea9b7fa}</UniqueIdentifier>
    </Filter>
    <Filter Include="Resource Files\Particle Shaders">
      <UniqueIdentifier>{717ffb16-92a3-4d31-8df9-757b5a368d54}</UniqueIdentifier>
    </Filter>
  </ItemGroup>
  <ItemGroup>
    <ClCompile Include="Main.cpp">
      <Filter>Source Files</Filter>
    </ClCompile>
    <ClCompile Include="Window.cpp">
      <Filter>Source Files</Filter>
    </ClCompile>
    <ClCompile Include="Game.cpp">
      <Filter>Source Files</Filter>
    </ClCompile>
    <ClCompile Include="Entity.cpp">
      <Filter>Source Files</Filter>
    </ClCompile>
    <ClCompile Include="Mesh.cpp">
      <Filter>Source Files\components</Filter>
    </ClCompile>
    <ClCompile Include="Camera.cpp">
      <Filter>Source Files\components</Filter>
    </ClCompile>
    <ClCompile Include="KeyboardMovement.cpp">
      <Filter>Source Files\components</Filter>
    </ClCompile>
    <ClCompile Include="Velocity.cpp">
      <Filter>Source Files\components</Filter>
    </ClCompile>
    <ClCompile Include="Position.cpp">
      <Filter>Source Files\components</Filter>
    </ClCompile>
    <ClCompile Include="TransformBuffer.cpp">
      <Filter>Source Files\components</Filter>
    </ClCompile>
    <ClCompile Include="DirectionalLight.cpp">
      <Filter>Source Files\components</Filter>
    </ClCompile>
    <ClCompile Include="PointLight.cpp">
      <Filter>Source Files\components</Filter>
    </ClCompile>
    <ClCompile Include="CollisionBox.cpp">
      <Filter>Source Files\components</Filter>
    </ClCompile>
    <ClCompile Include="Gravity.cpp">
      <Filter>Source Files\components</Filter>
    </ClCompile>
    <ClCompile Include="GraphicsHandler.cpp">
      <Filter>Source Files\Graphics</Filter>
    </ClCompile>
    <ClCompile Include="LightHandler.cpp">
      <Filter>Source Files\Graphics</Filter>
    </ClCompile>
    <ClCompile Include="ShaderHandler.cpp">
      <Filter>Source Files\Graphics</Filter>
    </ClCompile>
    <ClCompile Include="Component.cpp">
      <Filter>Source Files</Filter>
    </ClCompile>
    <ClCompile Include="ParticleEmitter.cpp">
      <Filter>Source Files\components</Filter>
    </ClCompile>
    <ClCompile Include="EasyBuffer.cpp">
      <Filter>Source Files</Filter>
    </ClCompile>
  </ItemGroup>
  <ItemGroup>
    <ClInclude Include="Window.h">
      <Filter>Header Files</Filter>
    </ClInclude>
    <ClInclude Include="Game.h">
      <Filter>Header Files</Filter>
    </ClInclude>
    <ClInclude Include="Entity.h">
      <Filter>Header Files</Filter>
    </ClInclude>
    <ClInclude Include="Mesh.h">
      <Filter>Header Files\Components</Filter>
    </ClInclude>
    <ClInclude Include="Camera.h">
      <Filter>Header Files\Components</Filter>
    </ClInclude>
    <ClInclude Include="KeyboardMovement.h">
      <Filter>Header Files\Components</Filter>
    </ClInclude>
    <ClInclude Include="Position.h">
      <Filter>Header Files\Components</Filter>
    </ClInclude>
    <ClInclude Include="Velocity.h">
      <Filter>Header Files\Components</Filter>
    </ClInclude>
    <ClInclude Include="TransformBuffer.h">
      <Filter>Header Files\Components</Filter>
    </ClInclude>
    <ClInclude Include="DirectionalLight.h">
      <Filter>Header Files\Components</Filter>
    </ClInclude>
    <ClInclude Include="PointLight.h">
      <Filter>Header Files\Components</Filter>
    </ClInclude>
    <ClInclude Include="CollisionBox.h">
      <Filter>Header Files\Components</Filter>
    </ClInclude>
    <ClInclude Include="Gravity.h">
      <Filter>Header Files\Components</Filter>
    </ClInclude>
    <ClInclude Include="ShaderHandler.h">
      <Filter>Header Files\Graphics</Filter>
    </ClInclude>
    <ClInclude Include="LightHandler.h">
      <Filter>Header Files\Graphics</Filter>
    </ClInclude>
    <ClInclude Include="GraphicsHandler.h">
      <Filter>Header Files\Graphics</Filter>
    </ClInclude>
    <ClInclude Include="D3DHeader.h">
      <Filter>Header Files\Graphics</Filter>
    </ClInclude>
    <ClInclude Include="Component.h">
      <Filter>Header Files</Filter>
    </ClInclude>
    <ClInclude Include="ParticleEmitter.h">
      <Filter>Header Files\Components</Filter>
    </ClInclude>
    <ClInclude Include="EasyBuffer.h">
      <Filter>Header Files</Filter>
    </ClInclude>
  </ItemGroup>
  <ItemGroup>
    <None Include="packages.config" />
  </ItemGroup>
  <ItemGroup>
    <FxCompile Include="ParticleVS.hlsl">
      <Filter>Resource Files\Particle Shaders</Filter>
    </FxCompile>
    <FxCompile Include="ParticleGS.hlsl">
      <Filter>Resource Files\Particle Shaders</Filter>
    </FxCompile>
    <FxCompile Include="ParticlePS.hlsl">
      <Filter>Resource Files\Particle Shaders</Filter>
    </FxCompile>
    <FxCompile Include="PixelShader.hlsl">
      <Filter>Resource Files\Entity Shaders</Filter>
    </FxCompile>
    <FxCompile Include="PixelShaderLight.hlsl">
      <Filter>Resource Files\Entity Shaders</Filter>
    </FxCompile>
    <FxCompile Include="VertexShader.hlsl">
      <Filter>Resource Files\Entity Shaders</Filter>
    </FxCompile>
    <FxCompile Include="VertexShaderTransform.hlsl">
      <Filter>Resource Files\Entity Shaders</Filter>
    </FxCompile>
    <FxCompile Include="ParticleCS.hlsl">
      <Filter>Resource Files\Particle Shaders</Filter>
    </FxCompile>
    <FxCompile Include="ParticleInjector.hlsl">
      <Filter>Resource Files\Particle Shaders</Filter>
    </FxCompile>
    <FxCompile Include="ParticleComputeVS.hlsl">
      <Filter>Resource Files\Particle Shaders</Filter>
    </FxCompile>
  </ItemGroup>
</Project>